// !$*UTF8*$!
{
	archiveVersion = 1;
	classes = {
	};
	objectVersion = 48;
	objects = {

/* Begin PBXBuildFile section */
		E93A50D3205DA81100CA32D1 /* AppDelegate.swift in Sources */ = {isa = PBXBuildFile; fileRef = E93A50D2205DA81100CA32D1 /* AppDelegate.swift */; };
		E93A50D5205DA81100CA32D1 /* ViewController.swift in Sources */ = {isa = PBXBuildFile; fileRef = E93A50D4205DA81100CA32D1 /* ViewController.swift */; };
		E93A50D8205DA81100CA32D1 /* Main.storyboard in Resources */ = {isa = PBXBuildFile; fileRef = E93A50D6205DA81100CA32D1 /* Main.storyboard */; };
		E93A50DA205DA81100CA32D1 /* Assets.xcassets in Resources */ = {isa = PBXBuildFile; fileRef = E93A50D9205DA81100CA32D1 /* Assets.xcassets */; };
		E93A50DD205DA81100CA32D1 /* LaunchScreen.storyboard in Resources */ = {isa = PBXBuildFile; fileRef = E93A50DB205DA81100CA32D1 /* LaunchScreen.storyboard */; };
		E93A50E5205DB2CA00CA32D1 /* SqueezeNet.mlmodel in Sources */ = {isa = PBXBuildFile; fileRef = E93A50E4205DB2CA00CA32D1 /* SqueezeNet.mlmodel */; };
		E93A50E72064815700CA32D1 /* PreviewView.swift in Sources */ = {isa = PBXBuildFile; fileRef = E93A50E62064815700CA32D1 /* PreviewView.swift */; };
/* End PBXBuildFile section */

/* Begin PBXFileReference section */
		E93A50CF205DA81100CA32D1 /* LiveDetection.app */ = {isa = PBXFileReference; explicitFileType = wrapper.application; includeInIndex = 0; path = LiveDetection.app; sourceTree = BUILT_PRODUCTS_DIR; };
		E93A50D2205DA81100CA32D1 /* AppDelegate.swift */ = {isa = PBXFileReference; lastKnownFileType = sourcecode.swift; path = AppDelegate.swift; sourceTree = "<group>"; };
		E93A50D4205DA81100CA32D1 /* ViewController.swift */ = {isa = PBXFileReference; lastKnownFileType = sourcecode.swift; path = ViewController.swift; sourceTree = "<group>"; };
		E93A50D7205DA81100CA32D1 /* Base */ = {isa = PBXFileReference; lastKnownFileType = file.storyboard; name = Base; path = Base.lproj/Main.storyboard; sourceTree = "<group>"; };
		E93A50D9205DA81100CA32D1 /* Assets.xcassets */ = {isa = PBXFileReference; lastKnownFileType = folder.assetcatalog; path = Assets.xcassets; sourceTree = "<group>"; };
		E93A50DC205DA81100CA32D1 /* Base */ = {isa = PBXFileReference; lastKnownFileType = file.storyboard; name = Base; path = Base.lproj/LaunchScreen.storyboard; sourceTree = "<group>"; };
		E93A50DE205DA81100CA32D1 /* Info.plist */ = {isa = PBXFileReference; lastKnownFileType = text.plist.xml; path = Info.plist; sourceTree = "<group>"; };
		E93A50E4205DB2CA00CA32D1 /* SqueezeNet.mlmodel */ = {isa = PBXFileReference; lastKnownFileType = file.mlmodel; path = SqueezeNet.mlmodel; sourceTree = "<group>"; };
		E93A50E62064815700CA32D1 /* PreviewView.swift */ = {isa = PBXFileReference; lastKnownFileType = sourcecode.swift; path = PreviewView.swift; sourceTree = "<group>"; };
/* End PBXFileReference section */

/* Begin PBXFrameworksBuildPhase section */
		E93A50CC205DA81100CA32D1 /* Frameworks */ = {
			isa = PBXFrameworksBuildPhase;
			buildActionMask = 2147483647;
			files = (
			);
			runOnlyForDeploymentPostprocessing = 0;
		};
/* End PBXFrameworksBuildPhase section */

/* Begin PBXGroup section */
		E93A50C6205DA81000CA32D1 = {
			isa = PBXGroup;
			children = (
				E93A50D1205DA81100CA32D1 /* LiveDetection */,
				E93A50D0205DA81100CA32D1 /* Products */,
			);
			sourceTree = "<group>";
		};
		E93A50D0205DA81100CA32D1 /* Products */ = {
			isa = PBXGroup;
			children = (
				E93A50CF205DA81100CA32D1 /* LiveDetection.app */,
			);
			name = Products;
			sourceTree = "<group>";
		};
		E93A50D1205DA81100CA32D1 /* LiveDetection */ = {
			isa = PBXGroup;
			children = (
				E93A50D2205DA81100CA32D1 /* AppDelegate.swift */,
				E93A50D4205DA81100CA32D1 /* ViewController.swift */,
				E93A50E62064815700CA32D1 /* PreviewView.swift */,
				E93A50D6205DA81100CA32D1 /* Main.storyboard */,
				E93A50D9205DA81100CA32D1 /* Assets.xcassets */,
				E93A50DB205DA81100CA32D1 /* LaunchScreen.storyboard */,
				E93A50DE205DA81100CA32D1 /* Info.plist */,
				E93A50E4205DB2CA00CA32D1 /* SqueezeNet.mlmodel */,
			);
			path = LiveDetection;
			sourceTree = "<group>";
		};
/* End PBXGroup section */

/* Begin PBXNativeTarget section */
		E93A50CE205DA81100CA32D1 /* LiveDetection */ = {
			isa = PBXNativeTarget;
			buildConfigurationList = E93A50E1205DA81100CA32D1 /* Build configuration list for PBXNativeTarget "LiveDetection" */;
			buildPhases = (
				E93A50CB205DA81100CA32D1 /* Sources */,
				E93A50CC205DA81100CA32D1 /* Frameworks */,
				E93A50CD205DA81100CA32D1 /* Resources */,
			);
			buildRules = (
			);
			dependencies = (
			);
			name = LiveDetection;
			productName = LiveDetection;
			productReference = E93A50CF205DA81100CA32D1 /* LiveDetection.app */;
			productType = "com.apple.product-type.application";
		};
/* End PBXNativeTarget section */

/* Begin PBXProject section */
		E93A50C7205DA81000CA32D1 /* Project object */ = {
			isa = PBXProject;
			attributes = {
				LastSwiftUpdateCheck = 0920;
				LastUpgradeCheck = 0920;
				ORGANIZATIONNAME = "Lilly Tong";
				TargetAttributes = {
					E93A50CE205DA81100CA32D1 = {
						CreatedOnToolsVersion = 9.2;
						ProvisioningStyle = Automatic;
					};
				};
			};
			buildConfigurationList = E93A50CA205DA81000CA32D1 /* Build configuration list for PBXProject "LiveDetection" */;
			compatibilityVersion = "Xcode 8.0";
			developmentRegion = en;
			hasScannedForEncodings = 0;
			knownRegions = (
				en,
				Base,
			);
			mainGroup = E93A50C6205DA81000CA32D1;
			productRefGroup = E93A50D0205DA81100CA32D1 /* Products */;
			projectDirPath = "";
			projectRoot = "";
			targets = (
				E93A50CE205DA81100CA32D1 /* LiveDetection */,
			);
		};
/* End PBXProject section */

/* Begin PBXResourcesBuildPhase section */
		E93A50CD205DA81100CA32D1 /* Resources */ = {
			isa = PBXResourcesBuildPhase;
			buildActionMask = 2147483647;
			files = (
				E93A50DD205DA81100CA32D1 /* LaunchScreen.storyboard in Resources */,
				E93A50DA205DA81100CA32D1 /* Assets.xcassets in Resources */,
				E93A50D8205DA81100CA32D1 /* Main.storyboard in Resources */,
			);
			runOnlyForDeploymentPostprocessing = 0;
		};
/* End PBXResourcesBuildPhase section */

/* Begin PBXSourcesBuildPhase section */
		E93A50CB205DA81100CA32D1 /* Sources */ = {
			isa = PBXSourcesBuildPhase;
			buildActionMask = 2147483647;
			files = (
				E93A50E72064815700CA32D1 /* PreviewView.swift in Sources */,
				E93A50D5205DA81100CA32D1 /* ViewController.swift in Sources */,
				E93A50E5205DB2CA00CA32D1 /* SqueezeNet.mlmodel in Sources */,
				E93A50D3205DA81100CA32D1 /* AppDelegate.swift in Sources */,
			);
			runOnlyForDeploymentPostprocessing = 0;
		};
/* End PBXSourcesBuildPhase section */

/* Begin PBXVariantGroup section */
		E93A50D6205DA81100CA32D1 /* Main.storyboard */ = {
			isa = PBXVariantGroup;
			children = (
				E93A50D7205DA81100CA32D1 /* Base */,
			);
			name = Main.storyboard;
			sourceTree = "<group>";
		};
		E93A50DB205DA81100CA32D1 /* LaunchScreen.storyboard */ = {
			isa = PBXVariantGroup;
			children = (
				E93A50DC205DA81100CA32D1 /* Base */,
			);
			name = LaunchScreen.storyboard;
			sourceTree = "<group>";
		};
/* End PBXVariantGroup section */

/* Begin XCBuildConfiguration section */
		E93A50DF205DA81100CA32D1 /* Debug */ = {
			isa = XCBuildConfiguration;
			buildSettings = {
				ALWAYS_SEARCH_USER_PATHS = NO;
				CLANG_ANALYZER_NONNULL = YES;
				CLANG_ANALYZER_NUMBER_OBJECT_CONVERSION = YES_AGGRESSIVE;
				CLANG_CXX_LANGUAGE_STANDARD = "gnu++14";
				CLANG_CXX_LIBRARY = "libc++";
				CLANG_ENABLE_MODULES = YES;
				CLANG_ENABLE_OBJC_ARC = YES;
				CLANG_WARN_BLOCK_CAPTURE_AUTORELEASING = YES;
				CLANG_WARN_BOOL_CONVERSION = YES;
				CLANG_WARN_COMMA = YES;
				CLANG_WARN_CONSTANT_CONVERSION = YES;
				CLANG_WARN_DIRECT_OBJC_ISA_USAGE = YES_ERROR;
				CLANG_WARN_DOCUMENTATION_COMMENTS = YES;
				CLANG_WARN_EMPTY_BODY = YES;
				CLANG_WARN_ENUM_CONVERSION = YES;
				CLANG_WARN_INFINITE_RECURSION = YES;
				CLANG_WARN_INT_CONVERSION = YES;
				CLANG_WARN_NON_LITERAL_NULL_CONVERSION = YES;
				CLANG_WARN_OBJC_LITERAL_CONVERSION = YES;
				CLANG_WARN_OBJC_ROOT_CLASS = YES_ERROR;
				CLANG_WARN_RANGE_LOOP_ANALYSIS = YES;
				CLANG_WARN_STRICT_PROTOTYPES = YES;
				CLANG_WARN_SUSPICIOUS_MOVE = YES;
				CLANG_WARN_UNGUARDED_AVAILABILITY = YES_AGGRESSIVE;
				CLANG_WARN_UNREACHABLE_CODE = YES;
				CLANG_WARN__DUPLICATE_METHOD_MATCH = YES;
				CODE_SIGN_IDENTITY = "iPhone Developer";
				COPY_PHASE_STRIP = NO;
				DEBUG_INFORMATION_FORMAT = dwarf;
				ENABLE_STRICT_OBJC_MSGSEND = YES;
				ENABLE_TESTABILITY = YES;
				GCC_C_LANGUAGE_STANDARD = gnu11;
				GCC_DYNAMIC_NO_PIC = NO;
				GCC_NO_COMMON_BLOCKS = YES;
				GCC_OPTIMIZATION_LEVEL = 0;
				GCC_PREPROCESSOR_DEFINITIONS = (
					"DEBUG=1",
					"$(inherited)",
				);
				GCC_WARN_64_TO_32_BIT_CONVERSION = YES;
				GCC_WARN_ABOUT_RETURN_TYPE = YES_ERROR;
				GCC_WARN_UNDECLARED_SELECTOR = YES;
				GCC_WARN_UNINITIALIZED_AUTOS = YES_AGGRESSIVE;
				GCC_WARN_UNUSED_FUNCTION = YES;
				GCC_WARN_UNUSED_VARIABLE = YES;
				IPHONEOS_DEPLOYMENT_TARGET = 11.2;
				MTL_ENABLE_DEBUG_INFO = YES;
				ONLY_ACTIVE_ARCH = YES;
				SDKROOT = iphoneos;
				SWIFT_ACTIVE_COMPILATION_CONDITIONS = DEBUG;
				SWIFT_OPTIMIZATION_LEVEL = "-Onone";
			};
			name = Debug;
		};
		E93A50E0205DA81100CA32D1 /* Release */ = {
			isa = XCBuildConfiguration;
			buildSettings = {
				ALWAYS_SEARCH_USER_PATHS = NO;
				CLANG_ANALYZER_NONNULL = YES;
				CLANG_ANALYZER_NUMBER_OBJECT_CONVERSION = YES_AGGRESSIVE;
				CLANG_CXX_LANGUAGE_STANDARD = "gnu++14";
				CLANG_CXX_LIBRARY = "libc++";
				CLANG_ENABLE_MODULES = YES;
				CLANG_ENABLE_OBJC_ARC = YES;
				CLANG_WARN_BLOCK_CAPTURE_AUTORELEASING = YES;
				CLANG_WARN_BOOL_CONVERSION = YES;
				CLANG_WARN_COMMA = YES;
				CLANG_WARN_CONSTANT_CONVERSION = YES;
				CLANG_WARN_DIRECT_OBJC_ISA_USAGE = YES_ERROR;
				CLANG_WARN_DOCUMENTATION_COMMENTS = YES;
				CLANG_WARN_EMPTY_BODY = YES;
				CLANG_WARN_ENUM_CONVERSION = YES;
				CLANG_WARN_INFINITE_RECURSION = YES;
				CLANG_WARN_INT_CONVERSION = YES;
				CLANG_WARN_NON_LITERAL_NULL_CONVERSION = YES;
				CLANG_WARN_OBJC_LITERAL_CONVERSION = YES;
				CLANG_WARN_OBJC_ROOT_CLASS = YES_ERROR;
				CLANG_WARN_RANGE_LOOP_ANALYSIS = YES;
				CLANG_WARN_STRICT_PROTOTYPES = YES;
				CLANG_WARN_SUSPICIOUS_MOVE = YES;
				CLANG_WARN_UNGUARDED_AVAILABILITY = YES_AGGRESSIVE;
				CLANG_WARN_UNREACHABLE_CODE = YES;
				CLANG_WARN__DUPLICATE_METHOD_MATCH = YES;
				CODE_SIGN_IDENTITY = "iPhone Developer";
				COPY_PHASE_STRIP = NO;
				DEBUG_INFORMATION_FORMAT = "dwarf-with-dsym";
				ENABLE_NS_ASSERTIONS = NO;
				ENABLE_STRICT_OBJC_MSGSEND = YES;
				GCC_C_LANGUAGE_STANDARD = gnu11;
				GCC_NO_COMMON_BLOCKS = YES;
				GCC_WARN_64_TO_32_BIT_CONVERSION = YES;
				GCC_WARN_ABOUT_RETURN_TYPE = YES_ERROR;
				GCC_WARN_UNDECLARED_SELECTOR = YES;
				GCC_WARN_UNINITIALIZED_AUTOS = YES_AGGRESSIVE;
				GCC_WARN_UNUSED_FUNCTION = YES;
				GCC_WARN_UNUSED_VARIABLE = YES;
				IPHONEOS_DEPLOYMENT_TARGET = 11.2;
				MTL_ENABLE_DEBUG_INFO = NO;
				SDKROOT = iphoneos;
				SWIFT_OPTIMIZATION_LEVEL = "-Owholemodule";
				VALIDATE_PRODUCT = YES;
			};
			name = Release;
		};
		E93A50E2205DA81100CA32D1 /* Debug */ = {
			isa = XCBuildConfiguration;
			buildSettings = {
				ASSETCATALOG_COMPILER_APPICON_NAME = AppIcon;
				CODE_SIGN_STYLE = Automatic;
				DEVELOPMENT_TEAM = MJRHRMAPPB;
				INFOPLIST_FILE = LiveDetection/Info.plist;
				LD_RUNPATH_SEARCH_PATHS = "$(inherited) @executable_path/Frameworks";
				PRODUCT_BUNDLE_IDENTIFIER = com.LillyTong.LiveDetection;
				PRODUCT_NAME = "$(TARGET_NAME)";
				SWIFT_VERSION = 4.0;
				TARGETED_DEVICE_FAMILY = "1,2";
			};
			name = Debug;
		};
		E93A50E3205DA81100CA32D1 /* Release */ = {
			isa = XCBuildConfiguration;
			buildSettings = {
				ASSETCATALOG_COMPILER_APPICON_NAME = AppIcon;
				CODE_SIGN_STYLE = Automatic;
				DEVELOPMENT_TEAM = MJRHRMAPPB;
				INFOPLIST_FILE = LiveDetection/Info.plist;
				LD_RUNPATH_SEARCH_PATHS = "$(inherited) @executable_path/Frameworks";
				PRODUCT_BUNDLE_IDENTIFIER = com.LillyTong.LiveDetection;
				PRODUCT_NAME = "$(TARGET_NAME)";
				SWIFT_VERSION = 4.0;
				TARGETED_DEVICE_FAMILY = "1,2";
			};
			name = Release;
		};
/* End XCBuildConfiguration section */

/* Begin XCConfigurationList section */
		E93A50CA205DA81000CA32D1 /* Build configuration list for PBXProject "LiveDetection" */ = {
			isa = XCConfigurationList;
			buildConfigurations = (
				E93A50DF205DA81100CA32D1 /* Debug */,
				E93A50E0205DA81100CA32D1 /* Release */,
			);
			defaultConfigurationIsVisible = 0;
			defaultConfigurationName = Release;
		};
		E93A50E1205DA81100CA32D1 /* Build configuration list for PBXNativeTarget "LiveDetection" */ = {
			isa = XCConfigurationList;
			buildConfigurations = (
				E93A50E2205DA81100CA32D1 /* Debug */,
				E93A50E3205DA81100CA32D1 /* Release */,
			);
			defaultConfigurationIsVisible = 0;
			defaultConfigurationName = Release;
		};
/* End XCConfigurationList section */
	};
	rootObject = E93A50C7205DA81000CA32D1 /* Project object */;
}
